
Microsoft Visual Studio Solution File, Format Version 12.00
# Visual Studio Version 17
VisualStudioVersion = 17.12.35527.113
MinimumVisualStudioVersion = 10.0.40219.1
Project("{FAE04EC0-301F-11D3-BF4B-00C04F79EFBC}") = "PokerTracker.Persistence", "PokerTracker.Persistence\PokerTracker.Persistence.csproj", "{1698E518-3D45-49A6-9510-5F13008CA60D}"
EndProject
Project("{FAE04EC0-301F-11D3-BF4B-00C04F79EFBC}") = "PokerTracker.Service", "PokerTracker.Service\PokerTracker.Service.csproj", "{6A659610-47FB-4063-B95D-D53FB28F75A7}"
EndProject
Project("{FAE04EC0-301F-11D3-BF4B-00C04F79EFBC}") = "PokerTracker.Common", "PokerTracker.Common\PokerTracker.Common.csproj", "{3A322A18-C892-4DA9-A9E7-348A7B41B4D8}"
EndProject
Global
	GlobalSection(SolutionConfigurationPlatforms) = preSolution
		Debug|Any CPU = Debug|Any CPU
		Release|Any CPU = Release|Any CPU
	EndGlobalSection
	GlobalSection(ProjectConfigurationPlatforms) = postSolution
		{1698E518-3D45-49A6-9510-5F13008CA60D}.Debug|Any CPU.ActiveCfg = Debug|Any CPU
		{1698E518-3D45-49A6-9510-5F13008CA60D}.Debug|Any CPU.Build.0 = Debug|Any CPU
		{1698E518-3D45-49A6-9510-5F13008CA60D}.Release|Any CPU.ActiveCfg = Release|Any CPU
		{1698E518-3D45-49A6-9510-5F13008CA60D}.Release|Any CPU.Build.0 = Release|Any CPU
		{6A659610-47FB-4063-B95D-D53FB28F75A7}.Debug|Any CPU.ActiveCfg = Debug|Any CPU
		{6A659610-47FB-4063-B95D-D53FB28F75A7}.Debug|Any CPU.Build.0 = Debug|Any CPU
		{6A659610-47FB-4063-B95D-D53FB28F75A7}.Release|Any CPU.ActiveCfg = Release|Any CPU
		{6A659610-47FB-4063-B95D-D53FB28F75A7}.Release|Any CPU.Build.0 = Release|Any CPU
		{3A322A18-C892-4DA9-A9E7-348A7B41B4D8}.Debug|Any CPU.ActiveCfg = Debug|Any CPU
		{3A322A18-C892-4DA9-A9E7-348A7B41B4D8}.Debug|Any CPU.Build.0 = Debug|Any CPU
		{3A322A18-C892-4DA9-A9E7-348A7B41B4D8}.Release|Any CPU.ActiveCfg = Release|Any CPU
		{3A322A18-C892-4DA9-A9E7-348A7B41B4D8}.Release|Any CPU.Build.0 = Release|Any CPU
	EndGlobalSection
	GlobalSection(SolutionProperties) = preSolution
		HideSolutionNode = FALSE
	EndGlobalSection
EndGlobal
